
Microsoft Visual Studio Solution File, Format Version 12.00
# Visual Studio Version 17
VisualStudioVersion = 17.1.31911.260
MinimumVisualStudioVersion = 10.0.40219.1
Project("{FAE04EC0-301F-11D3-BF4B-00C04F79EFBC}") = "NotiApp.Android", "NotiApp\NotiApp.Android\NotiApp.Android.csproj", "{1B1533FE-A8B9-404D-BEA6-CA80F1E1183C}"
EndProject
Project("{FAE04EC0-301F-11D3-BF4B-00C04F79EFBC}") = "NotiApp.iOS", "NotiApp\NotiApp.iOS\NotiApp.iOS.csproj", "{9B439A03-4030-4410-BC57-B36DBA3EE929}"
EndProject
Project("{FAE04EC0-301F-11D3-BF4B-00C04F79EFBC}") = "NotiApp", "NotiApp\NotiApp\NotiApp.csproj", "{1419BDFE-1565-4D9E-BAF4-1B703DB80AC0}"
EndProject
Global
	GlobalSection(SolutionConfigurationPlatforms) = preSolution
		Debug|Any CPU = Debug|Any CPU
		Debug|iPhone = Debug|iPhone
		Debug|iPhoneSimulator = Debug|iPhoneSimulator
		Release|Any CPU = Release|Any CPU
		Release|iPhone = Release|iPhone
		Release|iPhoneSimulator = Release|iPhoneSimulator
	EndGlobalSection
	GlobalSection(ProjectConfigurationPlatforms) = postSolution
		{1B1533FE-A8B9-404D-BEA6-CA80F1E1183C}.Debug|Any CPU.ActiveCfg = Debug|Any CPU
		{1B1533FE-A8B9-404D-BEA6-CA80F1E1183C}.Debug|Any CPU.Build.0 = Debug|Any CPU
		{1B1533FE-A8B9-404D-BEA6-CA80F1E1183C}.Debug|Any CPU.Deploy.0 = Debug|Any CPU
		{1B1533FE-A8B9-404D-BEA6-CA80F1E1183C}.Debug|iPhone.ActiveCfg = Debug|Any CPU
		{1B1533FE-A8B9-404D-BEA6-CA80F1E1183C}.Debug|iPhone.Build.0 = Debug|Any CPU
		{1B1533FE-A8B9-404D-BEA6-CA80F1E1183C}.Debug|iPhone.Deploy.0 = Debug|Any CPU
		{1B1533FE-A8B9-404D-BEA6-CA80F1E1183C}.Debug|iPhoneSimulator.ActiveCfg = Debug|Any CPU
		{1B1533FE-A8B9-404D-BEA6-CA80F1E1183C}.Debug|iPhoneSimulator.Build.0 = Debug|Any CPU
		{1B1533FE-A8B9-404D-BEA6-CA80F1E1183C}.Debug|iPhoneSimulator.Deploy.0 = Debug|Any CPU
		{1B1533FE-A8B9-404D-BEA6-CA80F1E1183C}.Release|Any CPU.ActiveCfg = Release|Any CPU
		{1B1533FE-A8B9-404D-BEA6-CA80F1E1183C}.Release|Any CPU.Build.0 = Release|Any CPU
		{1B1533FE-A8B9-404D-BEA6-CA80F1E1183C}.Release|Any CPU.Deploy.0 = Release|Any CPU
		{1B1533FE-A8B9-404D-BEA6-CA80F1E1183C}.Release|iPhone.ActiveCfg = Release|Any CPU
		{1B1533FE-A8B9-404D-BEA6-CA80F1E1183C}.Release|iPhone.Build.0 = Release|Any CPU
		{1B1533FE-A8B9-404D-BEA6-CA80F1E1183C}.Release|iPhone.Deploy.0 = Release|Any CPU
		{1B1533FE-A8B9-404D-BEA6-CA80F1E1183C}.Release|iPhoneSimulator.ActiveCfg = Release|Any CPU
		{1B1533FE-A8B9-404D-BEA6-CA80F1E1183C}.Release|iPhoneSimulator.Build.0 = Release|Any CPU
		{1B1533FE-A8B9-404D-BEA6-CA80F1E1183C}.Release|iPhoneSimulator.Deploy.0 = Release|Any CPU
		{9B439A03-4030-4410-BC57-B36DBA3EE929}.Debug|Any CPU.ActiveCfg = Debug|iPhone
		{9B439A03-4030-4410-BC57-B36DBA3EE929}.Debug|Any CPU.Build.0 = Debug|iPhone
		{9B439A03-4030-4410-BC57-B36DBA3EE929}.Debug|Any CPU.Deploy.0 = Debug|iPhone
		{9B439A03-4030-4410-BC57-B36DBA3EE929}.Debug|iPhone.ActiveCfg = Debug|iPhone
		{9B439A03-4030-4410-BC57-B36DBA3EE929}.Debug|iPhone.Build.0 = Debug|iPhone
		{9B439A03-4030-4410-BC57-B36DBA3EE929}.Debug|iPhone.Deploy.0 = Debug|iPhone
		{9B439A03-4030-4410-BC57-B36DBA3EE929}.Debug|iPhoneSimulator.ActiveCfg = Debug|iPhoneSimulator
		{9B439A03-4030-4410-BC57-B36DBA3EE929}.Debug|iPhoneSimulator.Build.0 = Debug|iPhoneSimulator
		{9B439A03-4030-4410-BC57-B36DBA3EE929}.Debug|iPhoneSimulator.Deploy.0 = Debug|iPhoneSimulator
		{9B439A03-4030-4410-BC57-B36DBA3EE929}.Release|Any CPU.ActiveCfg = Release|iPhoneSimulator
		{9B439A03-4030-4410-BC57-B36DBA3EE929}.Release|Any CPU.Build.0 = Release|iPhoneSimulator
		{9B439A03-4030-4410-BC57-B36DBA3EE929}.Release|Any CPU.Deploy.0 = Release|iPhoneSimulator
		{9B439A03-4030-4410-BC57-B36DBA3EE929}.Release|iPhone.ActiveCfg = Release|iPhone
		{9B439A03-4030-4410-BC57-B36DBA3EE929}.Release|iPhone.Build.0 = Release|iPhone
		{9B439A03-4030-4410-BC57-B36DBA3EE929}.Release|iPhone.Deploy.0 = Release|iPhone
		{9B439A03-4030-4410-BC57-B36DBA3EE929}.Release|iPhoneSimulator.ActiveCfg = Release|iPhoneSimulator
		{9B439A03-4030-4410-BC57-B36DBA3EE929}.Release|iPhoneSimulator.Build.0 = Release|iPhoneSimulator
		{9B439A03-4030-4410-BC57-B36DBA3EE929}.Release|iPhoneSimulator.Deploy.0 = Release|iPhoneSimulator
		{1419BDFE-1565-4D9E-BAF4-1B703DB80AC0}.Debug|Any CPU.ActiveCfg = Debug|Any CPU
		{1419BDFE-1565-4D9E-BAF4-1B703DB80AC0}.Debug|Any CPU.Build.0 = Debug|Any CPU
		{1419BDFE-1565-4D9E-BAF4-1B703DB80AC0}.Debug|Any CPU.Deploy.0 = Debug|Any CPU
		{1419BDFE-1565-4D9E-BAF4-1B703DB80AC0}.Debug|iPhone.ActiveCfg = Debug|Any CPU
		{1419BDFE-1565-4D9E-BAF4-1B703DB80AC0}.Debug|iPhone.Build.0 = Debug|Any CPU
		{1419BDFE-1565-4D9E-BAF4-1B703DB80AC0}.Debug|iPhone.Deploy.0 = Debug|Any CPU
		{1419BDFE-1565-4D9E-BAF4-1B703DB80AC0}.Debug|iPhoneSimulator.ActiveCfg = Debug|Any CPU
		{1419BDFE-1565-4D9E-BAF4-1B703DB80AC0}.Debug|iPhoneSimulator.Build.0 = Debug|Any CPU
		{1419BDFE-1565-4D9E-BAF4-1B703DB80AC0}.Debug|iPhoneSimulator.Deploy.0 = Debug|Any CPU
		{1419BDFE-1565-4D9E-BAF4-1B703DB80AC0}.Release|Any CPU.ActiveCfg = Release|Any CPU
		{1419BDFE-1565-4D9E-BAF4-1B703DB80AC0}.Release|Any CPU.Build.0 = Release|Any CPU
		{1419BDFE-1565-4D9E-BAF4-1B703DB80AC0}.Release|Any CPU.Deploy.0 = Release|Any CPU
		{1419BDFE-1565-4D9E-BAF4-1B703DB80AC0}.Release|iPhone.ActiveCfg = Release|Any CPU
		{1419BDFE-1565-4D9E-BAF4-1B703DB80AC0}.Release|iPhone.Build.0 = Release|Any CPU
		{1419BDFE-1565-4D9E-BAF4-1B703DB80AC0}.Release|iPhone.Deploy.0 = Release|Any CPU
		{1419BDFE-1565-4D9E-BAF4-1B703DB80AC0}.Release|iPhoneSimulator.ActiveCfg = Release|Any CPU
		{1419BDFE-1565-4D9E-BAF4-1B703DB80AC0}.Release|iPhoneSimulator.Build.0 = Release|Any CPU
		{1419BDFE-1565-4D9E-BAF4-1B703DB80AC0}.Release|iPhoneSimulator.Deploy.0 = Release|Any CPU
	EndGlobalSection
	GlobalSection(SolutionProperties) = preSolution
		HideSolutionNode = FALSE
	EndGlobalSection
	GlobalSection(ExtensibilityGlobals) = postSolution
		SolutionGuid = {DBC82E53-0FF9-47CE-AF09-4A447E724D43}
	EndGlobalSection
EndGlobal
